# This file is automatically @generated by Cargo.
# It is not intended for manual editing.
version = 3

[[package]]
name = "bin"
version = "0.5.7"

[[package]]
name = "containers"
version = "0.5.7"

[[package]]
name = "server"
version = "0.5.7"

[[package]]
name = "shared"
version = "0.5.7"

[[package]]
name = "tools"
version = "0.5.7"
